
Microsoft Visual Studio Solution File, Format Version 12.00
# Visual Studio 14
VisualStudioVersion = 14.0.25123.0
MinimumVisualStudioVersion = 10.0.40219.1
Project("{FAE04EC0-301F-11D3-BF4B-00C04F79EFBC}") = "SkyLv Tristana", "SkyLv Tristana\SkyLv Tristana.csproj", "{61B46745-8C62-4F38-94A0-6FFA1CFA81F8}"
EndProject
Global
	GlobalSection(SolutionConfigurationPlatforms) = preSolution
		Debug|Any CPU = Debug|Any CPU
		Release|Any CPU = Release|Any CPU
	EndGlobalSection
	GlobalSection(ProjectConfigurationPlatforms) = postSolution
		{61B46745-8C62-4F38-94A0-6FFA1CFA81F8}.Debug|Any CPU.ActiveCfg = Debug|Any CPU
		{61B46745-8C62-4F38-94A0-6FFA1CFA81F8}.Debug|Any CPU.Build.0 = Debug|Any CPU
		{61B46745-8C62-4F38-94A0-6FFA1CFA81F8}.Release|Any CPU.ActiveCfg = Release|Any CPU
		{61B46745-8C62-4F38-94A0-6FFA1CFA81F8}.Release|Any CPU.Build.0 = Release|Any CPU
	EndGlobalSection
	GlobalSection(SolutionProperties) = preSolution
		HideSolutionNode = FALSE
	EndGlobalSection
EndGlobal
